Microsoft Visual Studio Solution File, Format Version 11.00
# Visual Studio 2008

Project("{4147C63E-0261-4711-1D83-59758E3DE8D4}") = "Roll a ball - final", "Assembly-CSharp.csproj", "{3391220C-F749-5B2A-3256-CADA998808FE}"
EndProject
Global
	GlobalSection(SolutionConfigurationPlatforms) = preSolution
		Debug|Any CPU = Debug|Any CPU
		Release|Any CPU = Release|Any CPU
	EndGlobalSection
	GlobalSection(ProjectConfigurationPlatforms) = postSolution
		{3391220C-F749-5B2A-3256-CADA998808FE}.Debug|Any CPU.ActiveCfg = Debug|Any CPU
		{3391220C-F749-5B2A-3256-CADA998808FE}.Debug|Any CPU.Build.0 = Debug|Any CPU
		{3391220C-F749-5B2A-3256-CADA998808FE}.Release|Any CPU.ActiveCfg = Release|Any CPU
		{3391220C-F749-5B2A-3256-CADA998808FE}.Release|Any CPU.Build.0 = Release|Any CPU
	EndGlobalSection
	GlobalSection(SolutionProperties) = preSolution
		HideSolutionNode = FALSE
	EndGlobalSection
	GlobalSection(MonoDevelopProperties) = preSolution
		StartupItem = Assembly-CSharp.csproj
	EndGlobalSection
EndGlobal
